// !$*UTF8*$!
{
	archiveVersion = 1;
	classes = {
	};
	objectVersion = 46;
	objects = {

/* Begin PBXBuildFile section */
		15E11FD517F8894ED3EAE82B /* Pods_SocialAppUITests.framework in Frameworks */ = {isa = PBXBuildFile; fileRef = 55B8987C168813A39CB97124 /* Pods_SocialAppUITests.framework */; };
		E017492053F0D138CF7E9C81 /* Pods_SocialAppTests.framework in Frameworks */ = {isa = PBXBuildFile; fileRef = 9D2679163BDFD5C4047381F6 /* Pods_SocialAppTests.framework */; };
		E2ECE5D4BA5DA38A5B67A9E1 /* Pods_SocialApp.framework in Frameworks */ = {isa = PBXBuildFile; fileRef = 5992CA72BC283261DDB6C128 /* Pods_SocialApp.framework */; };
		F2A013C41EF056BB0069BFAA /* AppDelegate.swift in Sources */ = {isa = PBXBuildFile; fileRef = F2A013C31EF056BB0069BFAA /* AppDelegate.swift */; };
		F2A013C61EF056BB0069BFAA /* SignInVC.swift in Sources */ = {isa = PBXBuildFile; fileRef = F2A013C51EF056BB0069BFAA /* SignInVC.swift */; };
		F2A013C91EF056BB0069BFAA /* Main.storyboard in Resources */ = {isa = PBXBuildFile; fileRef = F2A013C71EF056BB0069BFAA /* Main.storyboard */; };
		F2A013CC1EF056BB0069BFAA /* SocialApp.xcdatamodeld in Sources */ = {isa = PBXBuildFile; fileRef = F2A013CA1EF056BB0069BFAA /* SocialApp.xcdatamodeld */; };
		F2A013CE1EF056BB0069BFAA /* Assets.xcassets in Resources */ = {isa = PBXBuildFile; fileRef = F2A013CD1EF056BB0069BFAA /* Assets.xcassets */; };
		F2A013D11EF056BB0069BFAA /* LaunchScreen.storyboard in Resources */ = {isa = PBXBuildFile; fileRef = F2A013CF1EF056BB0069BFAA /* LaunchScreen.storyboard */; };
		F2A013DC1EF056BB0069BFAA /* SocialAppTests.swift in Sources */ = {isa = PBXBuildFile; fileRef = F2A013DB1EF056BB0069BFAA /* SocialAppTests.swift */; };
		F2A013E71EF056BB0069BFAA /* SocialAppUITests.swift in Sources */ = {isa = PBXBuildFile; fileRef = F2A013E61EF056BB0069BFAA /* SocialAppUITests.swift */; };
		F2A013F51EF056E50069BFAA /* GoogleService-Info.plist in Resources */ = {isa = PBXBuildFile; fileRef = F2A013F41EF056E50069BFAA /* GoogleService-Info.plist */; };
		F2A013FA1EF06B7A0069BFAA /* Simage1.jpg in Resources */ = {isa = PBXBuildFile; fileRef = F2A013F91EF06B7A0069BFAA /* Simage1.jpg */; };
		F2A013FF1EF0B9A50069BFAA /* FancyView.swift in Sources */ = {isa = PBXBuildFile; fileRef = F2A013FE1EF0B9A50069BFAA /* FancyView.swift */; };
		F2A014021EF0BA810069BFAA /* Constraints.swift in Sources */ = {isa = PBXBuildFile; fileRef = F2A014011EF0BA810069BFAA /* Constraints.swift */; };
		F2A014041EF0C51E0069BFAA /* RoundBtn.swift in Sources */ = {isa = PBXBuildFile; fileRef = F2A014031EF0C51E0069BFAA /* RoundBtn.swift */; };
		F2A014061EF0C6ED0069BFAA /* FancyField.swift in Sources */ = {isa = PBXBuildFile; fileRef = F2A014051EF0C6ED0069BFAA /* FancyField.swift */; };
		F2A014081EF0CA010069BFAA /* FancyBtn.swift in Sources */ = {isa = PBXBuildFile; fileRef = F2A014071EF0CA010069BFAA /* FancyBtn.swift */; };
/* End PBXBuildFile section */

/* Begin PBXContainerItemProxy section */
		F2A013D81EF056BB0069BFAA /* PBXContainerItemProxy */ = {
			isa = PBXContainerItemProxy;
			containerPortal = F2A013B81EF056BB0069BFAA /* Project object */;
			proxyType = 1;
			remoteGlobalIDString = F2A013BF1EF056BB0069BFAA;
			remoteInfo = SocialApp;
		};
		F2A013E31EF056BB0069BFAA /* PBXContainerItemProxy */ = {
			isa = PBXContainerItemProxy;
			containerPortal = F2A013B81EF056BB0069BFAA /* Project object */;
			proxyType = 1;
			remoteGlobalIDString = F2A013BF1EF056BB0069BFAA;
			remoteInfo = SocialApp;
		};
/* End PBXContainerItemProxy section */

/* Begin PBXFileReference section */
		0652E39FCF8E48FDD085B3F6 /* Pods-SocialApp.debug.xcconfig */ = {isa = PBXFileReference; includeInIndex = 1; lastKnownFileType = text.xcconfig; name = "Pods-SocialApp.debug.xcconfig"; path = "Pods/Target Support Files/Pods-SocialApp/Pods-SocialApp.debug.xcconfig"; sourceTree = "<group>"; };
		51063B029C77D64232FE99BF /* Pods-SocialApp.release.xcconfig */ = {isa = PBXFileReference; includeInIndex = 1; lastKnownFileType = text.xcconfig; name = "Pods-SocialApp.release.xcconfig"; path = "Pods/Target Support Files/Pods-SocialApp/Pods-SocialApp.release.xcconfig"; sourceTree = "<group>"; };
		55B8987C168813A39CB97124 /* Pods_SocialAppUITests.framework */ = {isa = PBXFileReference; explicitFileType = wrapper.framework; includeInIndex = 0; path = Pods_SocialAppUITests.framework; sourceTree = BUILT_PRODUCTS_DIR; };
		5992CA72BC283261DDB6C128 /* Pods_SocialApp.framework */ = {isa = PBXFileReference; explicitFileType = wrapper.framework; includeInIndex = 0; path = Pods_SocialApp.framework; sourceTree = BUILT_PRODUCTS_DIR; };
		79FEC8547D6EB2D6F06BB560 /* Pods-SocialAppTests.release.xcconfig */ = {isa = PBXFileReference; includeInIndex = 1; lastKnownFileType = text.xcconfig; name = "Pods-SocialAppTests.release.xcconfig"; path = "Pods/Target Support Files/Pods-SocialAppTests/Pods-SocialAppTests.release.xcconfig"; sourceTree = "<group>"; };
		7CB633065AA33E8FED67DB42 /* Pods-SocialAppTests.debug.xcconfig */ = {isa = PBXFileReference; includeInIndex = 1; lastKnownFileType = text.xcconfig; name = "Pods-SocialAppTests.debug.xcconfig"; path = "Pods/Target Support Files/Pods-SocialAppTests/Pods-SocialAppTests.debug.xcconfig"; sourceTree = "<group>"; };
		84B4AD62ADF55412C13A3B81 /* Pods-SocialAppUITests.release.xcconfig */ = {isa = PBXFileReference; includeInIndex = 1; lastKnownFileType = text.xcconfig; name = "Pods-SocialAppUITests.release.xcconfig"; path = "Pods/Target Support Files/Pods-SocialAppUITests/Pods-SocialAppUITests.release.xcconfig"; sourceTree = "<group>"; };
		9A3EB097589AEBA6C325D0C2 /* Pods-SocialAppUITests.debug.xcconfig */ = {isa = PBXFileReference; includeInIndex = 1; lastKnownFileType = text.xcconfig; name = "Pods-SocialAppUITests.debug.xcconfig"; path = "Pods/Target Support Files/Pods-SocialAppUITests/Pods-SocialAppUITests.debug.xcconfig"; sourceTree = "<group>"; };
		9D2679163BDFD5C4047381F6 /* Pods_SocialAppTests.framework */ = {isa = PBXFileReference; explicitFileType = wrapper.framework; includeInIndex = 0; path = Pods_SocialAppTests.framework; sourceTree = BUILT_PRODUCTS_DIR; };
		F2A013C01EF056BB0069BFAA /* SocialApp.app */ = {isa = PBXFileReference; explicitFileType = wrapper.application; includeInIndex = 0; path = SocialApp.app; sourceTree = BUILT_PRODUCTS_DIR; };
		F2A013C31EF056BB0069BFAA /* AppDelegate.swift */ = {isa = PBXFileReference; lastKnownFileType = sourcecode.swift; path = AppDelegate.swift; sourceTree = "<group>"; };
		F2A013C51EF056BB0069BFAA /* SignInVC.swift */ = {isa = PBXFileReference; lastKnownFileType = sourcecode.swift; path = SignInVC.swift; sourceTree = "<group>"; };
		F2A013C81EF056BB0069BFAA /* Base */ = {isa = PBXFileReference; lastKnownFileType = file.storyboard; name = Base; path = Base.lproj/Main.storyboard; sourceTree = "<group>"; };
		F2A013CB1EF056BB0069BFAA /* SocialApp.xcdatamodel */ = {isa = PBXFileReference; lastKnownFileType = wrapper.xcdatamodel; path = SocialApp.xcdatamodel; sourceTree = "<group>"; };
		F2A013CD1EF056BB0069BFAA /* Assets.xcassets */ = {isa = PBXFileReference; lastKnownFileType = folder.assetcatalog; path = Assets.xcassets; sourceTree = "<group>"; };
		F2A013D01EF056BB0069BFAA /* Base */ = {isa = PBXFileReference; lastKnownFileType = file.storyboard; name = Base; path = Base.lproj/LaunchScreen.storyboard; sourceTree = "<group>"; };
		F2A013D21EF056BB0069BFAA /* Info.plist */ = {isa = PBXFileReference; lastKnownFileType = text.plist.xml; path = Info.plist; sourceTree = "<group>"; };
		F2A013D71EF056BB0069BFAA /* SocialAppTests.xctest */ = {isa = PBXFileReference; explicitFileType = wrapper.cfbundle; includeInIndex = 0; path = SocialAppTests.xctest; sourceTree = BUILT_PRODUCTS_DIR; };
		F2A013DB1EF056BB0069BFAA /* SocialAppTests.swift */ = {isa = PBXFileReference; lastKnownFileType = sourcecode.swift; path = SocialAppTests.swift; sourceTree = "<group>"; };
		F2A013DD1EF056BB0069BFAA /* Info.plist */ = {isa = PBXFileReference; lastKnownFileType = text.plist.xml; path = Info.plist; sourceTree = "<group>"; };
		F2A013E21EF056BB0069BFAA /* SocialAppUITests.xctest */ = {isa = PBXFileReference; explicitFileType = wrapper.cfbundle; includeInIndex = 0; path = SocialAppUITests.xctest; sourceTree = BUILT_PRODUCTS_DIR; };
		F2A013E61EF056BB0069BFAA /* SocialAppUITests.swift */ = {isa = PBXFileReference; lastKnownFileType = sourcecode.swift; path = SocialAppUITests.swift; sourceTree = "<group>"; };
		F2A013E81EF056BB0069BFAA /* Info.plist */ = {isa = PBXFileReference; lastKnownFileType = text.plist.xml; path = Info.plist; sourceTree = "<group>"; };
		F2A013F41EF056E50069BFAA /* GoogleService-Info.plist */ = {isa = PBXFileReference; fileEncoding = 4; lastKnownFileType = text.plist.xml; path = "GoogleService-Info.plist"; sourceTree = "<group>"; };
		F2A013F91EF06B7A0069BFAA /* Simage1.jpg */ = {isa = PBXFileReference; lastKnownFileType = image.jpeg; path = Simage1.jpg; sourceTree = "<group>"; };
		F2A013FE1EF0B9A50069BFAA /* FancyView.swift */ = {isa = PBXFileReference; fileEncoding = 4; lastKnownFileType = sourcecode.swift; path = FancyView.swift; sourceTree = "<group>"; };
		F2A014011EF0BA810069BFAA /* Constraints.swift */ = {isa = PBXFileReference; fileEncoding = 4; lastKnownFileType = sourcecode.swift; path = Constraints.swift; sourceTree = "<group>"; };
		F2A014031EF0C51E0069BFAA /* RoundBtn.swift */ = {isa = PBXFileReference; fileEncoding = 4; lastKnownFileType = sourcecode.swift; path = RoundBtn.swift; sourceTree = "<group>"; };
		F2A014051EF0C6ED0069BFAA /* FancyField.swift */ = {isa = PBXFileReference; fileEncoding = 4; lastKnownFileType = sourcecode.swift; path = FancyField.swift; sourceTree = "<group>"; };
		F2A014071EF0CA010069BFAA /* FancyBtn.swift */ = {isa = PBXFileReference; fileEncoding = 4; lastKnownFileType = sourcecode.swift; path = FancyBtn.swift; sourceTree = "<group>"; };
/* End PBXFileReference section */

/* Begin PBXFrameworksBuildPhase section */
		F2A013BD1EF056BB0069BFAA /* Frameworks */ = {
			isa = PBXFrameworksBuildPhase;
			buildActionMask = 2147483647;
			files = (
				E2ECE5D4BA5DA38A5B67A9E1 /* Pods_SocialApp.framework in Frameworks */,
			);
			runOnlyForDeploymentPostprocessing = 0;
		};
		F2A013D41EF056BB0069BFAA /* Frameworks */ = {
			isa = PBXFrameworksBuildPhase;
			buildActionMask = 2147483647;
			files = (
				E017492053F0D138CF7E9C81 /* Pods_SocialAppTests.framework in Frameworks */,
			);
			runOnlyForDeploymentPostprocessing = 0;
		};
		F2A013DF1EF056BB0069BFAA /* Frameworks */ = {
			isa = PBXFrameworksBuildPhase;
			buildActionMask = 2147483647;
			files = (
				15E11FD517F8894ED3EAE82B /* Pods_SocialAppUITests.framework in Frameworks */,
			);
			runOnlyForDeploymentPostprocessing = 0;
		};
/* End PBXFrameworksBuildPhase section */

/* Begin PBXGroup section */
		93D3BFC3D2DA147664294E55 /* Pods */ = {
			isa = PBXGroup;
			children = (
				0652E39FCF8E48FDD085B3F6 /* Pods-SocialApp.debug.xcconfig */,
				51063B029C77D64232FE99BF /* Pods-SocialApp.release.xcconfig */,
				7CB633065AA33E8FED67DB42 /* Pods-SocialAppTests.debug.xcconfig */,
				79FEC8547D6EB2D6F06BB560 /* Pods-SocialAppTests.release.xcconfig */,
				9A3EB097589AEBA6C325D0C2 /* Pods-SocialAppUITests.debug.xcconfig */,
				84B4AD62ADF55412C13A3B81 /* Pods-SocialAppUITests.release.xcconfig */,
			);
			name = Pods;
			sourceTree = "<group>";
		};
		9A5BD152D59A3A4EA15886DC /* Frameworks */ = {
			isa = PBXGroup;
			children = (
				5992CA72BC283261DDB6C128 /* Pods_SocialApp.framework */,
				9D2679163BDFD5C4047381F6 /* Pods_SocialAppTests.framework */,
				55B8987C168813A39CB97124 /* Pods_SocialAppUITests.framework */,
			);
			name = Frameworks;
			sourceTree = "<group>";
		};
		F2A013B71EF056BB0069BFAA = {
			isa = PBXGroup;
			children = (
				F2A013C21EF056BB0069BFAA /* SocialApp */,
				F2A013DA1EF056BB0069BFAA /* SocialAppTests */,
				F2A013E51EF056BB0069BFAA /* SocialAppUITests */,
				F2A013C11EF056BB0069BFAA /* Products */,
				93D3BFC3D2DA147664294E55 /* Pods */,
				9A5BD152D59A3A4EA15886DC /* Frameworks */,
			);
			sourceTree = "<group>";
		};
		F2A013C11EF056BB0069BFAA /* Products */ = {
			isa = PBXGroup;
			children = (
				F2A013C01EF056BB0069BFAA /* SocialApp.app */,
				F2A013D71EF056BB0069BFAA /* SocialAppTests.xctest */,
				F2A013E21EF056BB0069BFAA /* SocialAppUITests.xctest */,
			);
			name = Products;
			sourceTree = "<group>";
		};
		F2A013C21EF056BB0069BFAA /* SocialApp */ = {
			isa = PBXGroup;
			children = (
				F2A014001EF0BA460069BFAA /* util */,
				F2A013FB1EF06B8C0069BFAA /* images */,
				F2A013F81EF0618A0069BFAA /* view */,
				F2A013F71EF0617D0069BFAA /* Controller */,
				F2A013F61EF0616E0069BFAA /* model */,
				F2A013C31EF056BB0069BFAA /* AppDelegate.swift */,
				F2A013C71EF056BB0069BFAA /* Main.storyboard */,
				F2A013CD1EF056BB0069BFAA /* Assets.xcassets */,
				F2A013CF1EF056BB0069BFAA /* LaunchScreen.storyboard */,
				F2A013D21EF056BB0069BFAA /* Info.plist */,
				F2A013F41EF056E50069BFAA /* GoogleService-Info.plist */,
				F2A013CA1EF056BB0069BFAA /* SocialApp.xcdatamodeld */,
			);
			path = SocialApp;
			sourceTree = "<group>";
		};
		F2A013DA1EF056BB0069BFAA /* SocialAppTests */ = {
			isa = PBXGroup;
			children = (
				F2A013DB1EF056BB0069BFAA /* SocialAppTests.swift */,
				F2A013DD1EF056BB0069BFAA /* Info.plist */,
			);
			path = SocialAppTests;
			sourceTree = "<group>";
		};
		F2A013E51EF056BB0069BFAA /* SocialAppUITests */ = {
			isa = PBXGroup;
			children = (
				F2A013E61EF056BB0069BFAA /* SocialAppUITests.swift */,
				F2A013E81EF056BB0069BFAA /* Info.plist */,
			);
			path = SocialAppUITests;
			sourceTree = "<group>";
		};
		F2A013F61EF0616E0069BFAA /* model */ = {
			isa = PBXGroup;
			children = (
			);
			name = model;
			sourceTree = "<group>";
		};
		F2A013F71EF0617D0069BFAA /* Controller */ = {
			isa = PBXGroup;
			children = (
				F2A013C51EF056BB0069BFAA /* SignInVC.swift */,
			);
			name = Controller;
			sourceTree = "<group>";
		};
		F2A013F81EF0618A0069BFAA /* view */ = {
			isa = PBXGroup;
			children = (
				F2A013FE1EF0B9A50069BFAA /* FancyView.swift */,
				F2A014031EF0C51E0069BFAA /* RoundBtn.swift */,
				F2A014051EF0C6ED0069BFAA /* FancyField.swift */,
				F2A014071EF0CA010069BFAA /* FancyBtn.swift */,
			);
			name = view;
			sourceTree = "<group>";
		};
		F2A013FB1EF06B8C0069BFAA /* images */ = {
			isa = PBXGroup;
			children = (
				F2A013F91EF06B7A0069BFAA /* Simage1.jpg */,
			);
			name = images;
			sourceTree = "<group>";
		};
		F2A014001EF0BA460069BFAA /* util */ = {
			isa = PBXGroup;
			children = (
				F2A014011EF0BA810069BFAA /* Constraints.swift */,
			);
			name = util;
			sourceTree = "<group>";
		};
/* End PBXGroup section */

/* Begin PBXNativeTarget section */
		F2A013BF1EF056BB0069BFAA /* SocialApp */ = {
			isa = PBXNativeTarget;
			buildConfigurationList = F2A013EB1EF056BB0069BFAA /* Build configuration list for PBXNativeTarget "SocialApp" */;
			buildPhases = (
				0BEC04889A9ACF0AC10D0A23 /* [CP] Check Pods Manifest.lock */,
				F2A013BC1EF056BB0069BFAA /* Sources */,
				F2A013BD1EF056BB0069BFAA /* Frameworks */,
				F2A013BE1EF056BB0069BFAA /* Resources */,
				49C48C56B714DB048042BC28 /* [CP] Embed Pods Frameworks */,
				C63BF288C0484C628D49A416 /* [CP] Copy Pods Resources */,
			);
			buildRules = (
			);
			dependencies = (
			);
			name = SocialApp;
			productName = SocialApp;
			productReference = F2A013C01EF056BB0069BFAA /* SocialApp.app */;
			productType = "com.apple.product-type.application";
		};
		F2A013D61EF056BB0069BFAA /* SocialAppTests */ = {
			isa = PBXNativeTarget;
			buildConfigurationList = F2A013EE1EF056BB0069BFAA /* Build configuration list for PBXNativeTarget "SocialAppTests" */;
			buildPhases = (
				99F5D19B3CDEE96E4A07863E /* [CP] Check Pods Manifest.lock */,
				F2A013D31EF056BB0069BFAA /* Sources */,
				F2A013D41EF056BB0069BFAA /* Frameworks */,
				F2A013D51EF056BB0069BFAA /* Resources */,
				C0B8674F4403E612E5BBF461 /* [CP] Embed Pods Frameworks */,
				144F4AC9F11DAB805FBF1439 /* [CP] Copy Pods Resources */,
			);
			buildRules = (
			);
			dependencies = (
				F2A013D91EF056BB0069BFAA /* PBXTargetDependency */,
			);
			name = SocialAppTests;
			productName = SocialAppTests;
			productReference = F2A013D71EF056BB0069BFAA /* SocialAppTests.xctest */;
			productType = "com.apple.product-type.bundle.unit-test";
		};
		F2A013E11EF056BB0069BFAA /* SocialAppUITests */ = {
			isa = PBXNativeTarget;
			buildConfigurationList = F2A013F11EF056BB0069BFAA /* Build configuration list for PBXNativeTarget "SocialAppUITests" */;
			buildPhases = (
				CAB51D01C3455923B202EC75 /* [CP] Check Pods Manifest.lock */,
				F2A013DE1EF056BB0069BFAA /* Sources */,
				F2A013DF1EF056BB0069BFAA /* Frameworks */,
				F2A013E01EF056BB0069BFAA /* Resources */,
				9997E60D39E022692A2C6CE9 /* [CP] Embed Pods Frameworks */,
				38E5D40B7BDD772A14180BDF /* [CP] Copy Pods Resources */,
			);
			buildRules = (
			);
			dependencies = (
				F2A013E41EF056BB0069BFAA /* PBXTargetDependency */,
			);
			name = SocialAppUITests;
			productName = SocialAppUITests;
			productReference = F2A013E21EF056BB0069BFAA /* SocialAppUITests.xctest */;
			productType = "com.apple.product-type.bundle.ui-testing";
		};
/* End PBXNativeTarget section */

/* Begin PBXProject section */
		F2A013B81EF056BB0069BFAA /* Project object */ = {
			isa = PBXProject;
			attributes = {
				LastSwiftUpdateCheck = 0830;
				LastUpgradeCheck = 0830;
				ORGANIZATIONNAME = "16545_RajashekarReddy Rela";
				TargetAttributes = {
					F2A013BF1EF056BB0069BFAA = {
						CreatedOnToolsVersion = 8.3.2;
						DevelopmentTeam = MQ594P3YTZ;
						ProvisioningStyle = Automatic;
					};
					F2A013D61EF056BB0069BFAA = {
						CreatedOnToolsVersion = 8.3.2;
						DevelopmentTeam = MQ594P3YTZ;
						ProvisioningStyle = Automatic;
						TestTargetID = F2A013BF1EF056BB0069BFAA;
					};
					F2A013E11EF056BB0069BFAA = {
						CreatedOnToolsVersion = 8.3.2;
						DevelopmentTeam = MQ594P3YTZ;
						ProvisioningStyle = Automatic;
						TestTargetID = F2A013BF1EF056BB0069BFAA;
					};
				};
			};
			buildConfigurationList = F2A013BB1EF056BB0069BFAA /* Build configuration list for PBXProject "SocialApp" */;
			compatibilityVersion = "Xcode 3.2";
			developmentRegion = English;
			hasScannedForEncodings = 0;
			knownRegions = (
				en,
				Base,
			);
			mainGroup = F2A013B71EF056BB0069BFAA;
			productRefGroup = F2A013C11EF056BB0069BFAA /* Products */;
			projectDirPath = "";
			projectRoot = "";
			targets = (
				F2A013BF1EF056BB0069BFAA /* SocialApp */,
				F2A013D61EF056BB0069BFAA /* SocialAppTests */,
				F2A013E11EF056BB0069BFAA /* SocialAppUITests */,
			);
		};
/* End PBXProject section */

/* Begin PBXResourcesBuildPhase section */
		F2A013BE1EF056BB0069BFAA /* Resources */ = {
			isa = PBXResourcesBuildPhase;
			buildActionMask = 2147483647;
			files = (
				F2A013F51EF056E50069BFAA /* GoogleService-Info.plist in Resources */,
				F2A013D11EF056BB0069BFAA /* LaunchScreen.storyboard in Resources */,
				F2A013CE1EF056BB0069BFAA /* Assets.xcassets in Resources */,
				F2A013C91EF056BB0069BFAA /* Main.storyboard in Resources */,
				F2A013FA1EF06B7A0069BFAA /* Simage1.jpg in Resources */,
			);
			runOnlyForDeploymentPostprocessing = 0;
		};
		F2A013D51EF056BB0069BFAA /* Resources */ = {
			isa = PBXResourcesBuildPhase;
			buildActionMask = 2147483647;
			files = (
			);
			runOnlyForDeploymentPostprocessing = 0;
		};
		F2A013E01EF056BB0069BFAA /* Resources */ = {
			isa = PBXResourcesBuildPhase;
			buildActionMask = 2147483647;
			files = (
			);
			runOnlyForDeploymentPostprocessing = 0;
		};
/* End PBXResourcesBuildPhase section */

/* Begin PBXShellScriptBuildPhase section */
		0BEC04889A9ACF0AC10D0A23 /* [CP] Check Pods Manifest.lock */ = {
			isa = PBXShellScriptBuildPhase;
			buildActionMask = 2147483647;
			files = (
			);
			inputPaths = (
			);
			name = "[CP] Check Pods Manifest.lock";
			outputPaths = (
			);
			runOnlyForDeploymentPostprocessing = 0;
			shellPath = /bin/sh;
			shellScript = "diff \"${PODS_PODFILE_DIR_PATH}/Podfile.lock\" \"${PODS_ROOT}/Manifest.lock\" > /dev/null\nif [ $? != 0 ] ; then\n    # print error to STDERR\n    echo \"error: The sandbox is not in sync with the Podfile.lock. Run 'pod install' or update your CocoaPods installation.\" >&2\n    exit 1\nfi\n";
			showEnvVarsInLog = 0;
		};
		144F4AC9F11DAB805FBF1439 /* [CP] Copy Pods Resources */ = {
			isa = PBXShellScriptBuildPhase;
			buildActionMask = 2147483647;
			files = (
			);
			inputPaths = (
			);
			name = "[CP] Copy Pods Resources";
			outputPaths = (
			);
			runOnlyForDeploymentPostprocessing = 0;
			shellPath = /bin/sh;
			shellScript = "\"${SRCROOT}/Pods/Target Support Files/Pods-SocialAppTests/Pods-SocialAppTests-resources.sh\"\n";
			showEnvVarsInLog = 0;
		};
		38E5D40B7BDD772A14180BDF /* [CP] Copy Pods Resources */ = {
			isa = PBXShellScriptBuildPhase;
			buildActionMask = 2147483647;
			files = (
			);
			inputPaths = (
			);
			name = "[CP] Copy Pods Resources";
			outputPaths = (
			);
			runOnlyForDeploymentPostprocessing = 0;
			shellPath = /bin/sh;
			shellScript = "\"${SRCROOT}/Pods/Target Support Files/Pods-SocialAppUITests/Pods-SocialAppUITests-resources.sh\"\n";
			showEnvVarsInLog = 0;
		};
		49C48C56B714DB048042BC28 /* [CP] Embed Pods Frameworks */ = {
			isa = PBXShellScriptBuildPhase;
			buildActionMask = 2147483647;
			files = (
			);
			inputPaths = (
			);
			name = "[CP] Embed Pods Frameworks";
			outputPaths = (
			);
			runOnlyForDeploymentPostprocessing = 0;
			shellPath = /bin/sh;
			shellScript = "\"${SRCROOT}/Pods/Target Support Files/Pods-SocialApp/Pods-SocialApp-frameworks.sh\"\n";
			showEnvVarsInLog = 0;
		};
		9997E60D39E022692A2C6CE9 /* [CP] Embed Pods Frameworks */ = {
			isa = PBXShellScriptBuildPhase;
			buildActionMask = 2147483647;
			files = (
			);
			inputPaths = (
			);
			name = "[CP] Embed Pods Frameworks";
			outputPaths = (
			);
			runOnlyForDeploymentPostprocessing = 0;
			shellPath = /bin/sh;
			shellScript = "\"${SRCROOT}/Pods/Target Support Files/Pods-SocialAppUITests/Pods-SocialAppUITests-frameworks.sh\"\n";
			showEnvVarsInLog = 0;
		};
		99F5D19B3CDEE96E4A07863E /* [CP] Check Pods Manifest.lock */ = {
			isa = PBXShellScriptBuildPhase;
			buildActionMask = 2147483647;
			files = (
			);
			inputPaths = (
			);
			name = "[CP] Check Pods Manifest.lock";
			outputPaths = (
			);
			runOnlyForDeploymentPostprocessing = 0;
			shellPath = /bin/sh;
			shellScript = "diff \"${PODS_PODFILE_DIR_PATH}/Podfile.lock\" \"${PODS_ROOT}/Manifest.lock\" > /dev/null\nif [ $? != 0 ] ; then\n    # print error to STDERR\n    echo \"error: The sandbox is not in sync with the Podfile.lock. Run 'pod install' or update your CocoaPods installation.\" >&2\n    exit 1\nfi\n";
			showEnvVarsInLog = 0;
		};
		C0B8674F4403E612E5BBF461 /* [CP] Embed Pods Frameworks */ = {
			isa = PBXShellScriptBuildPhase;
			buildActionMask = 2147483647;
			files = (
			);
			inputPaths = (
			);
			name = "[CP] Embed Pods Frameworks";
			outputPaths = (
			);
			runOnlyForDeploymentPostprocessing = 0;
			shellPath = /bin/sh;
			shellScript = "\"${SRCROOT}/Pods/Target Support Files/Pods-SocialAppTests/Pods-SocialAppTests-frameworks.sh\"\n";
			showEnvVarsInLog = 0;
		};
		C63BF288C0484C628D49A416 /* [CP] Copy Pods Resources */ = {
			isa = PBXShellScriptBuildPhase;
			buildActionMask = 2147483647;
			files = (
			);
			inputPaths = (
			);
			name = "[CP] Copy Pods Resources";
			outputPaths = (
			);
			runOnlyForDeploymentPostprocessing = 0;
			shellPath = /bin/sh;
			shellScript = "\"${SRCROOT}/Pods/Target Support Files/Pods-SocialApp/Pods-SocialApp-resources.sh\"\n";
			showEnvVarsInLog = 0;
		};
		CAB51D01C3455923B202EC75 /* [CP] Check Pods Manifest.lock */ = {
			isa = PBXShellScriptBuildPhase;
			buildActionMask = 2147483647;
			files = (
			);
			inputPaths = (
			);
			name = "[CP] Check Pods Manifest.lock";
			outputPaths = (
			);
			runOnlyForDeploymentPostprocessing = 0;
			shellPath = /bin/sh;
			shellScript = "diff \"${PODS_PODFILE_DIR_PATH}/Podfile.lock\" \"${PODS_ROOT}/Manifest.lock\" > /dev/null\nif [ $? != 0 ] ; then\n    # print error to STDERR\n    echo \"error: The sandbox is not in sync with the Podfile.lock. Run 'pod install' or update your CocoaPods installation.\" >&2\n    exit 1\nfi\n";
			showEnvVarsInLog = 0;
		};
/* End PBXShellScriptBuildPhase section */

/* Begin PBXSourcesBuildPhase section */
		F2A013BC1EF056BB0069BFAA /* Sources */ = {
			isa = PBXSourcesBuildPhase;
			buildActionMask = 2147483647;
			files = (
				F2A013CC1EF056BB0069BFAA /* SocialApp.xcdatamodeld in Sources */,
				F2A013C61EF056BB0069BFAA /* SignInVC.swift in Sources */,
				F2A014021EF0BA810069BFAA /* Constraints.swift in Sources */,
				F2A014041EF0C51E0069BFAA /* RoundBtn.swift in Sources */,
				F2A013FF1EF0B9A50069BFAA /* FancyView.swift in Sources */,
				F2A014061EF0C6ED0069BFAA /* FancyField.swift in Sources */,
				F2A014081EF0CA010069BFAA /* FancyBtn.swift in Sources */,
				F2A013C41EF056BB0069BFAA /* AppDelegate.swift in Sources */,
			);
			runOnlyForDeploymentPostprocessing = 0;
		};
		F2A013D31EF056BB0069BFAA /* Sources */ = {
			isa = PBXSourcesBuildPhase;
			buildActionMask = 2147483647;
			files = (
				F2A013DC1EF056BB0069BFAA /* SocialAppTests.swift in Sources */,
			);
			runOnlyForDeploymentPostprocessing = 0;
		};
		F2A013DE1EF056BB0069BFAA /* Sources */ = {
			isa = PBXSourcesBuildPhase;
			buildActionMask = 2147483647;
			files = (
				F2A013E71EF056BB0069BFAA /* SocialAppUITests.swift in Sources */,
			);
			runOnlyForDeploymentPostprocessing = 0;
		};
/* End PBXSourcesBuildPhase section */

/* Begin PBXTargetDependency section */
		F2A013D91EF056BB0069BFAA /* PBXTargetDependency */ = {
			isa = PBXTargetDependency;
			target = F2A013BF1EF056BB0069BFAA /* SocialApp */;
			targetProxy = F2A013D81EF056BB0069BFAA /* PBXContainerItemProxy */;
		};
		F2A013E41EF056BB0069BFAA /* PBXTargetDependency */ = {
			isa = PBXTargetDependency;
			target = F2A013BF1EF056BB0069BFAA /* SocialApp */;
			targetProxy = F2A013E31EF056BB0069BFAA /* PBXContainerItemProxy */;
		};
/* End PBXTargetDependency section */

/* Begin PBXVariantGroup section */
		F2A013C71EF056BB0069BFAA /* Main.storyboard */ = {
			isa = PBXVariantGroup;
			children = (
				F2A013C81EF056BB0069BFAA /* Base */,
			);
			name = Main.storyboard;
			sourceTree = "<group>";
		};
		F2A013CF1EF056BB0069BFAA /* LaunchScreen.storyboard */ = {
			isa = PBXVariantGroup;
			children = (
				F2A013D01EF056BB0069BFAA /* Base */,
			);
			name = LaunchScreen.storyboard;
			sourceTree = "<group>";
		};
/* End PBXVariantGroup section */

/* Begin XCBuildConfiguration section */
		F2A013E91EF056BB0069BFAA /* Debug */ = {
			isa = XCBuildConfiguration;
			buildSettings = {
				ALWAYS_SEARCH_USER_PATHS = NO;
				CLANG_ANALYZER_NONNULL = YES;
				CLANG_ANALYZER_NUMBER_OBJECT_CONVERSION = YES_AGGRESSIVE;
				CLANG_CXX_LANGUAGE_STANDARD = "gnu++0x";
				CLANG_CXX_LIBRARY = "libc++";
				CLANG_ENABLE_MODULES = YES;
				CLANG_ENABLE_OBJC_ARC = YES;
				CLANG_WARN_BOOL_CONVERSION = YES;
				CLANG_WARN_CONSTANT_CONVERSION = YES;
				CLANG_WARN_DIRECT_OBJC_ISA_USAGE = YES_ERROR;
				CLANG_WARN_DOCUMENTATION_COMMENTS = YES;
				CLANG_WARN_EMPTY_BODY = YES;
				CLANG_WARN_ENUM_CONVERSION = YES;
				CLANG_WARN_INFINITE_RECURSION = YES;
				CLANG_WARN_INT_CONVERSION = YES;
				CLANG_WARN_OBJC_ROOT_CLASS = YES_ERROR;
				CLANG_WARN_SUSPICIOUS_MOVE = YES;
				CLANG_WARN_UNREACHABLE_CODE = YES;
				CLANG_WARN__DUPLICATE_METHOD_MATCH = YES;
				"CODE_SIGN_IDENTITY[sdk=iphoneos*]" = "iPhone Developer";
				COPY_PHASE_STRIP = NO;
				DEBUG_INFORMATION_FORMAT = dwarf;
				ENABLE_STRICT_OBJC_MSGSEND = YES;
				ENABLE_TESTABILITY = YES;
				GCC_C_LANGUAGE_STANDARD = gnu99;
				GCC_DYNAMIC_NO_PIC = NO;
				GCC_NO_COMMON_BLOCKS = YES;
				GCC_OPTIMIZATION_LEVEL = 0;
				GCC_PREPROCESSOR_DEFINITIONS = (
					"DEBUG=1",
					"$(inherited)",
				);
				GCC_WARN_64_TO_32_BIT_CONVERSION = YES;
				GCC_WARN_ABOUT_RETURN_TYPE = YES_ERROR;
				GCC_WARN_UNDECLARED_SELECTOR = YES;
				GCC_WARN_UNINITIALIZED_AUTOS = YES_AGGRESSIVE;
				GCC_WARN_UNUSED_FUNCTION = YES;
				GCC_WARN_UNUSED_VARIABLE = YES;
				IPHONEOS_DEPLOYMENT_TARGET = 10.3;
				MTL_ENABLE_DEBUG_INFO = YES;
				ONLY_ACTIVE_ARCH = YES;
				SDKROOT = iphoneos;
				SWIFT_ACTIVE_COMPILATION_CONDITIONS = DEBUG;
				SWIFT_OPTIMIZATION_LEVEL = "-Onone";
				TARGETED_DEVICE_FAMILY = "1,2";
			};
			name = Debug;
		};
		F2A013EA1EF056BB0069BFAA /* Release */ = {
			isa = XCBuildConfiguration;
			buildSettings = {
				ALWAYS_SEARCH_USER_PATHS = NO;
				CLANG_ANALYZER_NONNULL = YES;
				CLANG_ANALYZER_NUMBER_OBJECT_CONVERSION = YES_AGGRESSIVE;
				CLANG_CXX_LANGUAGE_STANDARD = "gnu++0x";
				CLANG_CXX_LIBRARY = "libc++";
				CLANG_ENABLE_MODULES = YES;
				CLANG_ENABLE_OBJC_ARC = YES;
				CLANG_WARN_BOOL_CONVERSION = YES;
				CLANG_WARN_CONSTANT_CONVERSION = YES;
				CLANG_WARN_DIRECT_OBJC_ISA_USAGE = YES_ERROR;
				CLANG_WARN_DOCUMENTATION_COMMENTS = YES;
				CLANG_WARN_EMPTY_BODY = YES;
				CLANG_WARN_ENUM_CONVERSION = YES;
				CLANG_WARN_INFINITE_RECURSION = YES;
				CLANG_WARN_INT_CONVERSION = YES;
				CLANG_WARN_OBJC_ROOT_CLASS = YES_ERROR;
				CLANG_WARN_SUSPICIOUS_MOVE = YES;
				CLANG_WARN_UNREACHABLE_CODE = YES;
				CLANG_WARN__DUPLICATE_METHOD_MATCH = YES;
				"CODE_SIGN_IDENTITY[sdk=iphoneos*]" = "iPhone Developer";
				COPY_PHASE_STRIP = NO;
				DEBUG_INFORMATION_FORMAT = "dwarf-with-dsym";
				ENABLE_NS_ASSERTIONS = NO;
				ENABLE_STRICT_OBJC_MSGSEND = YES;
				GCC_C_LANGUAGE_STANDARD = gnu99;
				GCC_NO_COMMON_BLOCKS = YES;
				GCC_WARN_64_TO_32_BIT_CONVERSION = YES;
				GCC_WARN_ABOUT_RETURN_TYPE = YES_ERROR;
				GCC_WARN_UNDECLARED_SELECTOR = YES;
				GCC_WARN_UNINITIALIZED_AUTOS = YES_AGGRESSIVE;
				GCC_WARN_UNUSED_FUNCTION = YES;
				GCC_WARN_UNUSED_VARIABLE = YES;
				IPHONEOS_DEPLOYMENT_TARGET = 10.3;
				MTL_ENABLE_DEBUG_INFO = NO;
				SDKROOT = iphoneos;
				SWIFT_OPTIMIZATION_LEVEL = "-Owholemodule";
				TARGETED_DEVICE_FAMILY = "1,2";
				VALIDATE_PRODUCT = YES;
			};
			name = Release;
		};
		F2A013EC1EF056BB0069BFAA /* Debug */ = {
			isa = XCBuildConfiguration;
			baseConfigurationReference = 0652E39FCF8E48FDD085B3F6 /* Pods-SocialApp.debug.xcconfig */;
			buildSettings = {
				ASSETCATALOG_COMPILER_APPICON_NAME = AppIcon;
				DEVELOPMENT_TEAM = MQ594P3YTZ;
				INFOPLIST_FILE = SocialApp/Info.plist;
				LD_RUNPATH_SEARCH_PATHS = "$(inherited) @executable_path/Frameworks";
				PRODUCT_BUNDLE_IDENTIFIER = nani494.SocialApp;
				PRODUCT_NAME = "$(TARGET_NAME)";
				SWIFT_VERSION = 3.0;
			};
			name = Debug;
		};
		F2A013ED1EF056BB0069BFAA /* Release */ = {
			isa = XCBuildConfiguration;
			baseConfigurationReference = 51063B029C77D64232FE99BF /* Pods-SocialApp.release.xcconfig */;
			buildSettings = {
				ASSETCATALOG_COMPILER_APPICON_NAME = AppIcon;
				DEVELOPMENT_TEAM = MQ594P3YTZ;
				INFOPLIST_FILE = SocialApp/Info.plist;
				LD_RUNPATH_SEARCH_PATHS = "$(inherited) @executable_path/Frameworks";
				PRODUCT_BUNDLE_IDENTIFIER = nani494.SocialApp;
				PRODUCT_NAME = "$(TARGET_NAME)";
				SWIFT_VERSION = 3.0;
			};
			name = Release;
		};
		F2A013EF1EF056BB0069BFAA /* Debug */ = {
			isa = XCBuildConfiguration;
			baseConfigurationReference = 7CB633065AA33E8FED67DB42 /* Pods-SocialAppTests.debug.xcconfig */;
			buildSettings = {
				ALWAYS_EMBED_SWIFT_STANDARD_LIBRARIES = YES;
				BUNDLE_LOADER = "$(TEST_HOST)";
				DEVELOPMENT_TEAM = MQ594P3YTZ;
				INFOPLIST_FILE = SocialAppTests/Info.plist;
				LD_RUNPATH_SEARCH_PATHS = "$(inherited) @executable_path/Frameworks @loader_path/Frameworks";
				PRODUCT_BUNDLE_IDENTIFIER = nani494.SocialAppTests;
				PRODUCT_NAME = "$(TARGET_NAME)";
				SWIFT_VERSION = 3.0;
				TEST_HOST = "$(BUILT_PRODUCTS_DIR)/SocialApp.app/SocialApp";
			};
			name = Debug;
		};
		F2A013F01EF056BB0069BFAA /* Release */ = {
			isa = XCBuildConfiguration;
			baseConfigurationReference = 79FEC8547D6EB2D6F06BB560 /* Pods-SocialAppTests.release.xcconfig */;
			buildSettings = {
				ALWAYS_EMBED_SWIFT_STANDARD_LIBRARIES = YES;
				BUNDLE_LOADER = "$(TEST_HOST)";
				DEVELOPMENT_TEAM = MQ594P3YTZ;
				INFOPLIST_FILE = SocialAppTests/Info.plist;
				LD_RUNPATH_SEARCH_PATHS = "$(inherited) @executable_path/Frameworks @loader_path/Frameworks";
				PRODUCT_BUNDLE_IDENTIFIER = nani494.SocialAppTests;
				PRODUCT_NAME = "$(TARGET_NAME)";
				SWIFT_VERSION = 3.0;
				TEST_HOST = "$(BUILT_PRODUCTS_DIR)/SocialApp.app/SocialApp";
			};
			name = Release;
		};
		F2A013F21EF056BB0069BFAA /* Debug */ = {
			isa = XCBuildConfiguration;
			baseConfigurationReference = 9A3EB097589AEBA6C325D0C2 /* Pods-SocialAppUITests.debug.xcconfig */;
			buildSettings = {
				ALWAYS_EMBED_SWIFT_STANDARD_LIBRARIES = YES;
				DEVELOPMENT_TEAM = MQ594P3YTZ;
				INFOPLIST_FILE = SocialAppUITests/Info.plist;
				LD_RUNPATH_SEARCH_PATHS = "$(inherited) @executable_path/Frameworks @loader_path/Frameworks";
				PRODUCT_BUNDLE_IDENTIFIER = nani494.SocialAppUITests;
				PRODUCT_NAME = "$(TARGET_NAME)";
				SWIFT_VERSION = 3.0;
				TEST_TARGET_NAME = SocialApp;
			};
			name = Debug;
		};
		F2A013F31EF056BB0069BFAA /* Release */ = {
			isa = XCBuildConfiguration;
			baseConfigurationReference = 84B4AD62ADF55412C13A3B81 /* Pods-SocialAppUITests.release.xcconfig */;
			buildSettings = {
				ALWAYS_EMBED_SWIFT_STANDARD_LIBRARIES = YES;
				DEVELOPMENT_TEAM = MQ594P3YTZ;
				INFOPLIST_FILE = SocialAppUITests/Info.plist;
				LD_RUNPATH_SEARCH_PATHS = "$(inherited) @executable_path/Frameworks @loader_path/Frameworks";
				PRODUCT_BUNDLE_IDENTIFIER = nani494.SocialAppUITests;
				PRODUCT_NAME = "$(TARGET_NAME)";
				SWIFT_VERSION = 3.0;
				TEST_TARGET_NAME = SocialApp;
			};
			name = Release;
		};
/* End XCBuildConfiguration section */

/* Begin XCConfigurationList section */
		F2A013BB1EF056BB0069BFAA /* Build configuration list for PBXProject "SocialApp" */ = {
			isa = XCConfigurationList;
			buildConfigurations = (
				F2A013E91EF056BB0069BFAA /* Debug */,
				F2A013EA1EF056BB0069BFAA /* Release */,
			);
			defaultConfigurationIsVisible = 0;
			defaultConfigurationName = Release;
		};
		F2A013EB1EF056BB0069BFAA /* Build configuration list for PBXNativeTarget "SocialApp" */ = {
			isa = XCConfigurationList;
			buildConfigurations = (
				F2A013EC1EF056BB0069BFAA /* Debug */,
				F2A013ED1EF056BB0069BFAA /* Release */,
			);
			defaultConfigurationIsVisible = 0;
			defaultConfigurationName = Release;
		};
		F2A013EE1EF056BB0069BFAA /* Build configuration list for PBXNativeTarget "SocialAppTests" */ = {
			isa = XCConfigurationList;
			buildConfigurations = (
				F2A013EF1EF056BB0069BFAA /* Debug */,
				F2A013F01EF056BB0069BFAA /* Release */,
			);
			defaultConfigurationIsVisible = 0;
			defaultConfigurationName = Release;
		};
		F2A013F11EF056BB0069BFAA /* Build configuration list for PBXNativeTarget "SocialAppUITests" */ = {
			isa = XCConfigurationList;
			buildConfigurations = (
				F2A013F21EF056BB0069BFAA /* Debug */,
				F2A013F31EF056BB0069BFAA /* Release */,
			);
			defaultConfigurationIsVisible = 0;
			defaultConfigurationName = Release;
		};
/* End XCConfigurationList section */

/* Begin XCVersionGroup section */
		F2A013CA1EF056BB0069BFAA /* SocialApp.xcdatamodeld */ = {
			isa = XCVersionGroup;
			children = (
				F2A013CB1EF056BB0069BFAA /* SocialApp.xcdatamodel */,
			);
			currentVersion = F2A013CB1EF056BB0069BFAA /* SocialApp.xcdatamodel */;
			path = SocialApp.xcdatamodeld;
			sourceTree = "<group>";
			versionGroupType = wrapper.xcdatamodel;
		};
/* End XCVersionGroup section */
	};
	rootObject = F2A013B81EF056BB0069BFAA /* Project object */;
}
